
Microsoft Visual Studio Solution File, Format Version 12.00
# Visual Studio Version 16
VisualStudioVersion = 16.0.30011.22
MinimumVisualStudioVersion = 10.0.40219.1
Project("{888888A0-9F3D-457C-B088-3A5042F75D52}") = "PythonAlgorithm2020", "..\Users\user\source\repos\PythonAlgorithm2020_sum\PythonAlgorithm2020\PythonAlgorithm2020.pyproj", "{6CA4037E-7F03-4EDA-8FB7-B13B3DC7AD32}"
EndProject
Global
	GlobalSection(SolutionConfigurationPlatforms) = preSolution
		Debug|Any CPU = Debug|Any CPU
		Release|Any CPU = Release|Any CPU
	EndGlobalSection
	GlobalSection(ProjectConfigurationPlatforms) = postSolution
		{6CA4037E-7F03-4EDA-8FB7-B13B3DC7AD32}.Debug|Any CPU.ActiveCfg = Debug|Any CPU
		{6CA4037E-7F03-4EDA-8FB7-B13B3DC7AD32}.Release|Any CPU.ActiveCfg = Release|Any CPU
	EndGlobalSection
	GlobalSection(SolutionProperties) = preSolution
		HideSolutionNode = FALSE
	EndGlobalSection
	GlobalSection(ExtensibilityGlobals) = postSolution
		SolutionGuid = {2DF26D82-818B-47D4-9924-9D5FC7D7FAF0}
	EndGlobalSection
EndGlobal
